
Microsoft Visual Studio Solution File, Format Version 12.00
# Visual Studio Version 17
VisualStudioVersion = 17.6.33723.286
MinimumVisualStudioVersion = 10.0.40219.1
Project("{FAE04EC0-301F-11D3-BF4B-00C04F79EFBC}") = "036.01-SingletonDesign", "036.1-SingletonDesign\036.01-SingletonDesign.csproj", "{0AA8877A-0B66-4A43-AFEC-DC0A600C3037}"
EndProject
Project("{FAE04EC0-301F-11D3-BF4B-00C04F79EFBC}") = "036.04-FactoryMethod", "036.04-FactoryMethod\036.04-FactoryMethod.csproj", "{B82CE001-358A-4394-B273-5CD82D7C154C}"
EndProject
Project("{FAE04EC0-301F-11D3-BF4B-00C04F79EFBC}") = "036.5-AbractFactoryDesign", "036.5-AbractFactoryDesign\036.5-AbractFactoryDesign.csproj", "{94A531FC-C522-4A38-8BDB-CB98C94EF5B6}"
EndProject
Project("{FAE04EC0-301F-11D3-BF4B-00C04F79EFBC}") = "036.6-Prototype", "036.6-Prototype\036.6-Prototype.csproj", "{13E0CBA5-362D-4D50-BB29-8540CE7F6330}"
EndProject
Project("{FAE04EC0-301F-11D3-BF4B-00C04F79EFBC}") = "036.7-Builder", "036.7-Builder\036.7-Builder.csproj", "{B02ECC38-9673-4849-8C38-F7282BE94684}"
EndProject
Global
	GlobalSection(SolutionConfigurationPlatforms) = preSolution
		Debug|Any CPU = Debug|Any CPU
		Release|Any CPU = Release|Any CPU
	EndGlobalSection
	GlobalSection(ProjectConfigurationPlatforms) = postSolution
		{0AA8877A-0B66-4A43-AFEC-DC0A600C3037}.Debug|Any CPU.ActiveCfg = Debug|Any CPU
		{0AA8877A-0B66-4A43-AFEC-DC0A600C3037}.Debug|Any CPU.Build.0 = Debug|Any CPU
		{0AA8877A-0B66-4A43-AFEC-DC0A600C3037}.Release|Any CPU.ActiveCfg = Release|Any CPU
		{0AA8877A-0B66-4A43-AFEC-DC0A600C3037}.Release|Any CPU.Build.0 = Release|Any CPU
		{B82CE001-358A-4394-B273-5CD82D7C154C}.Debug|Any CPU.ActiveCfg = Debug|Any CPU
		{B82CE001-358A-4394-B273-5CD82D7C154C}.Debug|Any CPU.Build.0 = Debug|Any CPU
		{B82CE001-358A-4394-B273-5CD82D7C154C}.Release|Any CPU.ActiveCfg = Release|Any CPU
		{B82CE001-358A-4394-B273-5CD82D7C154C}.Release|Any CPU.Build.0 = Release|Any CPU
		{94A531FC-C522-4A38-8BDB-CB98C94EF5B6}.Debug|Any CPU.ActiveCfg = Debug|Any CPU
		{94A531FC-C522-4A38-8BDB-CB98C94EF5B6}.Debug|Any CPU.Build.0 = Debug|Any CPU
		{94A531FC-C522-4A38-8BDB-CB98C94EF5B6}.Release|Any CPU.ActiveCfg = Release|Any CPU
		{94A531FC-C522-4A38-8BDB-CB98C94EF5B6}.Release|Any CPU.Build.0 = Release|Any CPU
		{13E0CBA5-362D-4D50-BB29-8540CE7F6330}.Debug|Any CPU.ActiveCfg = Debug|Any CPU
		{13E0CBA5-362D-4D50-BB29-8540CE7F6330}.Debug|Any CPU.Build.0 = Debug|Any CPU
		{13E0CBA5-362D-4D50-BB29-8540CE7F6330}.Release|Any CPU.ActiveCfg = Release|Any CPU
		{13E0CBA5-362D-4D50-BB29-8540CE7F6330}.Release|Any CPU.Build.0 = Release|Any CPU
		{B02ECC38-9673-4849-8C38-F7282BE94684}.Debug|Any CPU.ActiveCfg = Debug|Any CPU
		{B02ECC38-9673-4849-8C38-F7282BE94684}.Debug|Any CPU.Build.0 = Debug|Any CPU
		{B02ECC38-9673-4849-8C38-F7282BE94684}.Release|Any CPU.ActiveCfg = Release|Any CPU
		{B02ECC38-9673-4849-8C38-F7282BE94684}.Release|Any CPU.Build.0 = Release|Any CPU
	EndGlobalSection
	GlobalSection(SolutionProperties) = preSolution
		HideSolutionNode = FALSE
	EndGlobalSection
	GlobalSection(ExtensibilityGlobals) = postSolution
		SolutionGuid = {C4DF7FE1-194A-494C-B34F-6F34EC2C764E}
	EndGlobalSection
EndGlobal
