
Microsoft Visual Studio Solution File, Format Version 12.00
# Visual Studio Version 17
VisualStudioVersion = 17.5.33530.505
MinimumVisualStudioVersion = 10.0.40219.1
Project("{FAE04EC0-301F-11D3-BF4B-00C04F79EFBC}") = "004.1-Types_and_variables", "004.1-Types_and_variables\004.1-Types_and_variables.csproj", "{5ECB61D3-A976-4F9A-ABEC-A0503FB4EBEF}"
EndProject
Project("{FAE04EC0-301F-11D3-BF4B-00C04F79EFBC}") = "005.1-Conditionals", "005.1-Conditionals\005.1-Conditionals.csproj", "{F16E6EF2-40EF-410E-840F-6780FD4B7635}"
EndProject
Project("{FAE04EC0-301F-11D3-BF4B-00C04F79EFBC}") = "006.1-Methods", "006.1-Methods\006.1-Methods.csproj", "{7751B4FC-8D31-4DC3-8916-DB7B019C8969}"
EndProject
Project("{FAE04EC0-301F-11D3-BF4B-00C04F79EFBC}") = "007.1-Arrays", "007.1-Arrays\007.1-Arrays.csproj", "{05E67C47-28B1-4D75-84EF-D3AC29036389}"
EndProject
Project("{FAE04EC0-301F-11D3-BF4B-00C04F79EFBC}") = "008.1-Loops", "008.1-Loops\008.1-Loops.csproj", "{5FE532D1-BF6B-465D-A36D-9AECBF5E2DAD}"
EndProject
Project("{FAE04EC0-301F-11D3-BF4B-00C04F79EFBC}") = "009.1-Strings", "009.1-Strings\009.1-Strings.csproj", "{72D86589-9E45-43D4-A843-F9152BF3135B}"
EndProject
Project("{FAE04EC0-301F-11D3-BF4B-00C04F79EFBC}") = "010.1-Classes", "010.1-Classes\010.1-Classes.csproj", "{1CF64380-E43B-4AC5-97C8-06D392600724}"
EndProject
Project("{FAE04EC0-301F-11D3-BF4B-00C04F79EFBC}") = "011.1-RecapDemo", "011.1-RecapDemo\011.1-RecapDemo.csproj", "{4EAF5834-6CE9-4BA1-B9DC-B6CDA529F0D1}"
EndProject
Project("{FAE04EC0-301F-11D3-BF4B-00C04F79EFBC}") = "012.2-Interfaces_demo", "012.2-Interfaces_demo\012.2-Interfaces_demo.csproj", "{6A7B5A2B-64D9-4EAF-A8EC-CEA260C569E9}"
EndProject
Project("{FAE04EC0-301F-11D3-BF4B-00C04F79EFBC}") = "012.1-Interfaces", "012.1-Interfaces\012.1-Interfaces.csproj", "{61B45E71-AC5A-4C44-8300-665CC3C5D390}"
EndProject
Project("{FAE04EC0-301F-11D3-BF4B-00C04F79EFBC}") = "013.1-Inheritance", "013.1-Inheritance\013.1-Inheritance.csproj", "{CEA2FB54-F2C7-4D8C-9589-8BCDA214AC70}"
EndProject
Project("{FAE04EC0-301F-11D3-BF4B-00C04F79EFBC}") = "013.2-Inheritance_and_virtual_methods", "013.2-Inheritance_and_virtual_methods\013.2-Inheritance_and_virtual_methods.csproj", "{39F35CB9-C494-4BB7-AC97-CDA5C47C0DEE}"
EndProject
Project("{FAE04EC0-301F-11D3-BF4B-00C04F79EFBC}") = "014.1-AbstractClasses", "014.1-AbstractClasses\014.1-AbstractClasses.csproj", "{EFFAA72E-8009-4238-8061-2149C8260312}"
EndProject
Project("{FAE04EC0-301F-11D3-BF4B-00C04F79EFBC}") = "015.1-RecapDemo2", "015.1-RecapDemo2\015.1-RecapDemo2.csproj", "{A6BD651B-04A6-4E97-9AA2-A53034C6F1C8}"
EndProject
Project("{FAE04EC0-301F-11D3-BF4B-00C04F79EFBC}") = "016.1-AccessModifiers", "016.1-AccessModifiers\016.1-AccessModifiers.csproj", "{3E6DAB1D-B9D8-431E-8D81-0CA25010768A}"
EndProject
Project("{FAE04EC0-301F-11D3-BF4B-00C04F79EFBC}") = "016.3-AccessModifiers", "016.3-AccessModifiers\016.3-AccessModifiers.csproj", "{8F638B99-3971-40BA-A1AC-32A1D8E18197}"
EndProject
Project("{FAE04EC0-301F-11D3-BF4B-00C04F79EFBC}") = "017.1-Constructors", "017.1-Constructors\017.1-Constructors.csproj", "{8A5F2AC5-EFFC-426A-A973-4E55025D7DE4}"
EndProject
Project("{FAE04EC0-301F-11D3-BF4B-00C04F79EFBC}") = "018.1-ReferenceAndValueType", "018.1-ReferenceAndValueType\018.1-ReferenceAndValueType.csproj", "{B59D71B8-6143-4BE2-8B6D-CF4697F9EA41}"
EndProject
Project("{FAE04EC0-301F-11D3-BF4B-00C04F79EFBC}") = "019.1-Collections", "019.1-Collections\019.1-Collections.csproj", "{D841C250-CA00-4706-952F-45F4E09E3A3F}"
EndProject
Project("{FAE04EC0-301F-11D3-BF4B-00C04F79EFBC}") = "020.1-Exceptions", "020.1-Exceptions\020.1-Exceptions.csproj", "{F102AFC7-0CBB-4E12-9424-3ABCCE058865}"
EndProject
Project("{FAE04EC0-301F-11D3-BF4B-00C04F79EFBC}") = "021.1-AdoNetDemo", "021.1-AdoNetDemo\021.1-AdoNetDemo.csproj", "{B81549FC-80FE-4E5A-AF18-3BEAFA92D831}"
EndProject
Project("{FAE04EC0-301F-11D3-BF4B-00C04F79EFBC}") = "022.1-EntityFrameworkDemo", "022.1-EntityFrameworkDemo\022.1-EntityFrameworkDemo.csproj", "{9DCF43F7-DF49-435E-89FE-DB7EDF06B4E8}"
EndProject
Project("{FAE04EC0-301F-11D3-BF4B-00C04F79EFBC}") = "024.1-Generics", "024.1-Generics\024.1-Generics.csproj", "{F36EE7DA-F0EC-4F7C-8557-ECF0F2B49711}"
EndProject
Project("{FAE04EC0-301F-11D3-BF4B-00C04F79EFBC}") = "025.1-Attributes", "025.1-Attributes\025.1-Attributes.csproj", "{76FEE4E2-4978-4713-97EC-2AB9AD8ED603}"
EndProject
Project("{FAE04EC0-301F-11D3-BF4B-00C04F79EFBC}") = "026.1-Reflection", "026.1-Reflection\026.1-Reflection.csproj", "{D8B1993E-40E7-4858-844E-B88CAB232BD2}"
EndProject
Project("{FAE04EC0-301F-11D3-BF4B-00C04F79EFBC}") = "027.1-Delegates", "027.1-Delegates\027.1-Delegates.csproj", "{12BFABE3-401E-4094-9ABC-B4D907890050}"
EndProject
Project("{FAE04EC0-301F-11D3-BF4B-00C04F79EFBC}") = "028.1-Events", "028.1-Events\028.1-Events.csproj", "{112822C0-05D3-43FA-8026-4A029BFBFE14}"
EndProject
Project("{FAE04EC0-301F-11D3-BF4B-00C04F79EFBC}") = "029.1-RecapProject1", "029.1-RecapProject1\029.1-RecapProject1.csproj", "{69709E54-71A2-430D-B6D9-4F5D9DDA63D2}"
EndProject
Global
	GlobalSection(SolutionConfigurationPlatforms) = preSolution
		Debug|Any CPU = Debug|Any CPU
		Release|Any CPU = Release|Any CPU
	EndGlobalSection
	GlobalSection(ProjectConfigurationPlatforms) = postSolution
		{5ECB61D3-A976-4F9A-ABEC-A0503FB4EBEF}.Debug|Any CPU.ActiveCfg = Debug|Any CPU
		{5ECB61D3-A976-4F9A-ABEC-A0503FB4EBEF}.Debug|Any CPU.Build.0 = Debug|Any CPU
		{5ECB61D3-A976-4F9A-ABEC-A0503FB4EBEF}.Release|Any CPU.ActiveCfg = Release|Any CPU
		{5ECB61D3-A976-4F9A-ABEC-A0503FB4EBEF}.Release|Any CPU.Build.0 = Release|Any CPU
		{F16E6EF2-40EF-410E-840F-6780FD4B7635}.Debug|Any CPU.ActiveCfg = Debug|Any CPU
		{F16E6EF2-40EF-410E-840F-6780FD4B7635}.Debug|Any CPU.Build.0 = Debug|Any CPU
		{F16E6EF2-40EF-410E-840F-6780FD4B7635}.Release|Any CPU.ActiveCfg = Release|Any CPU
		{F16E6EF2-40EF-410E-840F-6780FD4B7635}.Release|Any CPU.Build.0 = Release|Any CPU
		{7751B4FC-8D31-4DC3-8916-DB7B019C8969}.Debug|Any CPU.ActiveCfg = Debug|Any CPU
		{7751B4FC-8D31-4DC3-8916-DB7B019C8969}.Debug|Any CPU.Build.0 = Debug|Any CPU
		{7751B4FC-8D31-4DC3-8916-DB7B019C8969}.Release|Any CPU.ActiveCfg = Release|Any CPU
		{7751B4FC-8D31-4DC3-8916-DB7B019C8969}.Release|Any CPU.Build.0 = Release|Any CPU
		{05E67C47-28B1-4D75-84EF-D3AC29036389}.Debug|Any CPU.ActiveCfg = Debug|Any CPU
		{05E67C47-28B1-4D75-84EF-D3AC29036389}.Debug|Any CPU.Build.0 = Debug|Any CPU
		{05E67C47-28B1-4D75-84EF-D3AC29036389}.Release|Any CPU.ActiveCfg = Release|Any CPU
		{05E67C47-28B1-4D75-84EF-D3AC29036389}.Release|Any CPU.Build.0 = Release|Any CPU
		{5FE532D1-BF6B-465D-A36D-9AECBF5E2DAD}.Debug|Any CPU.ActiveCfg = Debug|Any CPU
		{5FE532D1-BF6B-465D-A36D-9AECBF5E2DAD}.Debug|Any CPU.Build.0 = Debug|Any CPU
		{5FE532D1-BF6B-465D-A36D-9AECBF5E2DAD}.Release|Any CPU.ActiveCfg = Release|Any CPU
		{5FE532D1-BF6B-465D-A36D-9AECBF5E2DAD}.Release|Any CPU.Build.0 = Release|Any CPU
		{72D86589-9E45-43D4-A843-F9152BF3135B}.Debug|Any CPU.ActiveCfg = Debug|Any CPU
		{72D86589-9E45-43D4-A843-F9152BF3135B}.Debug|Any CPU.Build.0 = Debug|Any CPU
		{72D86589-9E45-43D4-A843-F9152BF3135B}.Release|Any CPU.ActiveCfg = Release|Any CPU
		{72D86589-9E45-43D4-A843-F9152BF3135B}.Release|Any CPU.Build.0 = Release|Any CPU
		{1CF64380-E43B-4AC5-97C8-06D392600724}.Debug|Any CPU.ActiveCfg = Debug|Any CPU
		{1CF64380-E43B-4AC5-97C8-06D392600724}.Debug|Any CPU.Build.0 = Debug|Any CPU
		{1CF64380-E43B-4AC5-97C8-06D392600724}.Release|Any CPU.ActiveCfg = Release|Any CPU
		{1CF64380-E43B-4AC5-97C8-06D392600724}.Release|Any CPU.Build.0 = Release|Any CPU
		{4EAF5834-6CE9-4BA1-B9DC-B6CDA529F0D1}.Debug|Any CPU.ActiveCfg = Debug|Any CPU
		{4EAF5834-6CE9-4BA1-B9DC-B6CDA529F0D1}.Debug|Any CPU.Build.0 = Debug|Any CPU
		{4EAF5834-6CE9-4BA1-B9DC-B6CDA529F0D1}.Release|Any CPU.ActiveCfg = Release|Any CPU
		{4EAF5834-6CE9-4BA1-B9DC-B6CDA529F0D1}.Release|Any CPU.Build.0 = Release|Any CPU
		{6A7B5A2B-64D9-4EAF-A8EC-CEA260C569E9}.Debug|Any CPU.ActiveCfg = Debug|Any CPU
		{6A7B5A2B-64D9-4EAF-A8EC-CEA260C569E9}.Debug|Any CPU.Build.0 = Debug|Any CPU
		{6A7B5A2B-64D9-4EAF-A8EC-CEA260C569E9}.Release|Any CPU.ActiveCfg = Release|Any CPU
		{6A7B5A2B-64D9-4EAF-A8EC-CEA260C569E9}.Release|Any CPU.Build.0 = Release|Any CPU
		{61B45E71-AC5A-4C44-8300-665CC3C5D390}.Debug|Any CPU.ActiveCfg = Debug|Any CPU
		{61B45E71-AC5A-4C44-8300-665CC3C5D390}.Debug|Any CPU.Build.0 = Debug|Any CPU
		{61B45E71-AC5A-4C44-8300-665CC3C5D390}.Release|Any CPU.ActiveCfg = Release|Any CPU
		{61B45E71-AC5A-4C44-8300-665CC3C5D390}.Release|Any CPU.Build.0 = Release|Any CPU
		{CEA2FB54-F2C7-4D8C-9589-8BCDA214AC70}.Debug|Any CPU.ActiveCfg = Debug|Any CPU
		{CEA2FB54-F2C7-4D8C-9589-8BCDA214AC70}.Debug|Any CPU.Build.0 = Debug|Any CPU
		{CEA2FB54-F2C7-4D8C-9589-8BCDA214AC70}.Release|Any CPU.ActiveCfg = Release|Any CPU
		{CEA2FB54-F2C7-4D8C-9589-8BCDA214AC70}.Release|Any CPU.Build.0 = Release|Any CPU
		{39F35CB9-C494-4BB7-AC97-CDA5C47C0DEE}.Debug|Any CPU.ActiveCfg = Debug|Any CPU
		{39F35CB9-C494-4BB7-AC97-CDA5C47C0DEE}.Debug|Any CPU.Build.0 = Debug|Any CPU
		{39F35CB9-C494-4BB7-AC97-CDA5C47C0DEE}.Release|Any CPU.ActiveCfg = Release|Any CPU
		{39F35CB9-C494-4BB7-AC97-CDA5C47C0DEE}.Release|Any CPU.Build.0 = Release|Any CPU
		{EFFAA72E-8009-4238-8061-2149C8260312}.Debug|Any CPU.ActiveCfg = Debug|Any CPU
		{EFFAA72E-8009-4238-8061-2149C8260312}.Debug|Any CPU.Build.0 = Debug|Any CPU
		{EFFAA72E-8009-4238-8061-2149C8260312}.Release|Any CPU.ActiveCfg = Release|Any CPU
		{EFFAA72E-8009-4238-8061-2149C8260312}.Release|Any CPU.Build.0 = Release|Any CPU
		{A6BD651B-04A6-4E97-9AA2-A53034C6F1C8}.Debug|Any CPU.ActiveCfg = Debug|Any CPU
		{A6BD651B-04A6-4E97-9AA2-A53034C6F1C8}.Debug|Any CPU.Build.0 = Debug|Any CPU
		{A6BD651B-04A6-4E97-9AA2-A53034C6F1C8}.Release|Any CPU.ActiveCfg = Release|Any CPU
		{A6BD651B-04A6-4E97-9AA2-A53034C6F1C8}.Release|Any CPU.Build.0 = Release|Any CPU
		{3E6DAB1D-B9D8-431E-8D81-0CA25010768A}.Debug|Any CPU.ActiveCfg = Debug|Any CPU
		{3E6DAB1D-B9D8-431E-8D81-0CA25010768A}.Debug|Any CPU.Build.0 = Debug|Any CPU
		{3E6DAB1D-B9D8-431E-8D81-0CA25010768A}.Release|Any CPU.ActiveCfg = Release|Any CPU
		{3E6DAB1D-B9D8-431E-8D81-0CA25010768A}.Release|Any CPU.Build.0 = Release|Any CPU
		{8F638B99-3971-40BA-A1AC-32A1D8E18197}.Debug|Any CPU.ActiveCfg = Debug|Any CPU
		{8F638B99-3971-40BA-A1AC-32A1D8E18197}.Debug|Any CPU.Build.0 = Debug|Any CPU
		{8F638B99-3971-40BA-A1AC-32A1D8E18197}.Release|Any CPU.ActiveCfg = Release|Any CPU
		{8F638B99-3971-40BA-A1AC-32A1D8E18197}.Release|Any CPU.Build.0 = Release|Any CPU
		{8A5F2AC5-EFFC-426A-A973-4E55025D7DE4}.Debug|Any CPU.ActiveCfg = Debug|Any CPU
		{8A5F2AC5-EFFC-426A-A973-4E55025D7DE4}.Debug|Any CPU.Build.0 = Debug|Any CPU
		{8A5F2AC5-EFFC-426A-A973-4E55025D7DE4}.Release|Any CPU.ActiveCfg = Release|Any CPU
		{8A5F2AC5-EFFC-426A-A973-4E55025D7DE4}.Release|Any CPU.Build.0 = Release|Any CPU
		{B59D71B8-6143-4BE2-8B6D-CF4697F9EA41}.Debug|Any CPU.ActiveCfg = Debug|Any CPU
		{B59D71B8-6143-4BE2-8B6D-CF4697F9EA41}.Debug|Any CPU.Build.0 = Debug|Any CPU
		{B59D71B8-6143-4BE2-8B6D-CF4697F9EA41}.Release|Any CPU.ActiveCfg = Release|Any CPU
		{B59D71B8-6143-4BE2-8B6D-CF4697F9EA41}.Release|Any CPU.Build.0 = Release|Any CPU
		{D841C250-CA00-4706-952F-45F4E09E3A3F}.Debug|Any CPU.ActiveCfg = Debug|Any CPU
		{D841C250-CA00-4706-952F-45F4E09E3A3F}.Debug|Any CPU.Build.0 = Debug|Any CPU
		{D841C250-CA00-4706-952F-45F4E09E3A3F}.Release|Any CPU.ActiveCfg = Release|Any CPU
		{D841C250-CA00-4706-952F-45F4E09E3A3F}.Release|Any CPU.Build.0 = Release|Any CPU
		{F102AFC7-0CBB-4E12-9424-3ABCCE058865}.Debug|Any CPU.ActiveCfg = Debug|Any CPU
		{F102AFC7-0CBB-4E12-9424-3ABCCE058865}.Debug|Any CPU.Build.0 = Debug|Any CPU
		{F102AFC7-0CBB-4E12-9424-3ABCCE058865}.Release|Any CPU.ActiveCfg = Release|Any CPU
		{F102AFC7-0CBB-4E12-9424-3ABCCE058865}.Release|Any CPU.Build.0 = Release|Any CPU
		{B81549FC-80FE-4E5A-AF18-3BEAFA92D831}.Debug|Any CPU.ActiveCfg = Debug|Any CPU
		{B81549FC-80FE-4E5A-AF18-3BEAFA92D831}.Debug|Any CPU.Build.0 = Debug|Any CPU
		{B81549FC-80FE-4E5A-AF18-3BEAFA92D831}.Release|Any CPU.ActiveCfg = Release|Any CPU
		{B81549FC-80FE-4E5A-AF18-3BEAFA92D831}.Release|Any CPU.Build.0 = Release|Any CPU
		{9DCF43F7-DF49-435E-89FE-DB7EDF06B4E8}.Debug|Any CPU.ActiveCfg = Debug|Any CPU
		{9DCF43F7-DF49-435E-89FE-DB7EDF06B4E8}.Debug|Any CPU.Build.0 = Debug|Any CPU
		{9DCF43F7-DF49-435E-89FE-DB7EDF06B4E8}.Release|Any CPU.ActiveCfg = Release|Any CPU
		{9DCF43F7-DF49-435E-89FE-DB7EDF06B4E8}.Release|Any CPU.Build.0 = Release|Any CPU
		{F36EE7DA-F0EC-4F7C-8557-ECF0F2B49711}.Debug|Any CPU.ActiveCfg = Debug|Any CPU
		{F36EE7DA-F0EC-4F7C-8557-ECF0F2B49711}.Debug|Any CPU.Build.0 = Debug|Any CPU
		{F36EE7DA-F0EC-4F7C-8557-ECF0F2B49711}.Release|Any CPU.ActiveCfg = Release|Any CPU
		{F36EE7DA-F0EC-4F7C-8557-ECF0F2B49711}.Release|Any CPU.Build.0 = Release|Any CPU
		{76FEE4E2-4978-4713-97EC-2AB9AD8ED603}.Debug|Any CPU.ActiveCfg = Debug|Any CPU
		{76FEE4E2-4978-4713-97EC-2AB9AD8ED603}.Debug|Any CPU.Build.0 = Debug|Any CPU
		{76FEE4E2-4978-4713-97EC-2AB9AD8ED603}.Release|Any CPU.ActiveCfg = Release|Any CPU
		{76FEE4E2-4978-4713-97EC-2AB9AD8ED603}.Release|Any CPU.Build.0 = Release|Any CPU
		{D8B1993E-40E7-4858-844E-B88CAB232BD2}.Debug|Any CPU.ActiveCfg = Debug|Any CPU
		{D8B1993E-40E7-4858-844E-B88CAB232BD2}.Debug|Any CPU.Build.0 = Debug|Any CPU
		{D8B1993E-40E7-4858-844E-B88CAB232BD2}.Release|Any CPU.ActiveCfg = Release|Any CPU
		{D8B1993E-40E7-4858-844E-B88CAB232BD2}.Release|Any CPU.Build.0 = Release|Any CPU
		{12BFABE3-401E-4094-9ABC-B4D907890050}.Debug|Any CPU.ActiveCfg = Debug|Any CPU
		{12BFABE3-401E-4094-9ABC-B4D907890050}.Debug|Any CPU.Build.0 = Debug|Any CPU
		{12BFABE3-401E-4094-9ABC-B4D907890050}.Release|Any CPU.ActiveCfg = Release|Any CPU
		{12BFABE3-401E-4094-9ABC-B4D907890050}.Release|Any CPU.Build.0 = Release|Any CPU
		{112822C0-05D3-43FA-8026-4A029BFBFE14}.Debug|Any CPU.ActiveCfg = Debug|Any CPU
		{112822C0-05D3-43FA-8026-4A029BFBFE14}.Debug|Any CPU.Build.0 = Debug|Any CPU
		{112822C0-05D3-43FA-8026-4A029BFBFE14}.Release|Any CPU.ActiveCfg = Release|Any CPU
		{112822C0-05D3-43FA-8026-4A029BFBFE14}.Release|Any CPU.Build.0 = Release|Any CPU
		{69709E54-71A2-430D-B6D9-4F5D9DDA63D2}.Debug|Any CPU.ActiveCfg = Debug|Any CPU
		{69709E54-71A2-430D-B6D9-4F5D9DDA63D2}.Debug|Any CPU.Build.0 = Debug|Any CPU
		{69709E54-71A2-430D-B6D9-4F5D9DDA63D2}.Release|Any CPU.ActiveCfg = Release|Any CPU
		{69709E54-71A2-430D-B6D9-4F5D9DDA63D2}.Release|Any CPU.Build.0 = Release|Any CPU
	EndGlobalSection
	GlobalSection(SolutionProperties) = preSolution
		HideSolutionNode = FALSE
	EndGlobalSection
	GlobalSection(ExtensibilityGlobals) = postSolution
		SolutionGuid = {4C28101F-5E39-449A-8E53-C3942C4DB8D2}
	EndGlobalSection
EndGlobal
